
Microsoft Visual Studio Solution File, Format Version 12.00
# Visual Studio Version 17
VisualStudioVersion = 17.9.34607.119
MinimumVisualStudioVersion = 10.0.40219.1
Project("{8BC9CEB8-8B4A-11D0-8D11-00A0C91BC942}") = "filedivide", "filedivide.vcxproj", "{A0602D95-ED4A-4985-96E0-B45B4D8A1A0E}"
EndProject
Global
	GlobalSection(SolutionConfigurationPlatforms) = preSolution
		Debug|x64 = Debug|x64
		Debug|x86 = Debug|x86
		Release|x64 = Release|x64
		Release|x86 = Release|x86
	EndGlobalSection
	GlobalSection(ProjectConfigurationPlatforms) = postSolution
		{A0602D95-ED4A-4985-96E0-B45B4D8A1A0E}.Debug|x64.ActiveCfg = Debug|x64
		{A0602D95-ED4A-4985-96E0-B45B4D8A1A0E}.Debug|x64.Build.0 = Debug|x64
		{A0602D95-ED4A-4985-96E0-B45B4D8A1A0E}.Debug|x86.ActiveCfg = Debug|Win32
		{A0602D95-ED4A-4985-96E0-B45B4D8A1A0E}.Debug|x86.Build.0 = Debug|Win32
		{A0602D95-ED4A-4985-96E0-B45B4D8A1A0E}.Release|x64.ActiveCfg = Release|x64
		{A0602D95-ED4A-4985-96E0-B45B4D8A1A0E}.Release|x64.Build.0 = Release|x64
		{A0602D95-ED4A-4985-96E0-B45B4D8A1A0E}.Release|x86.ActiveCfg = Release|Win32
		{A0602D95-ED4A-4985-96E0-B45B4D8A1A0E}.Release|x86.Build.0 = Release|Win32
	EndGlobalSection
	GlobalSection(SolutionProperties) = preSolution
		HideSolutionNode = FALSE
	EndGlobalSection
	GlobalSection(ExtensibilityGlobals) = postSolution
		SolutionGuid = {6567ED4E-7068-4DEF-8F4D-722ED7B8DD0F}
	EndGlobalSection
EndGlobal
