
Microsoft Visual Studio Solution File, Format Version 12.00
# Visual Studio Version 17
VisualStudioVersion = 17.9.34607.119
MinimumVisualStudioVersion = 10.0.40219.1
Project("{8BC9CEB8-8B4A-11D0-8D11-00A0C91BC942}") = "time", "time.vcxproj", "{6845D9A2-604E-4B2B-9BEA-1294DBD73857}"
EndProject
Global
	GlobalSection(SolutionConfigurationPlatforms) = preSolution
		Debug|x64 = Debug|x64
		Debug|x86 = Debug|x86
		Release|x64 = Release|x64
		Release|x86 = Release|x86
	EndGlobalSection
	GlobalSection(ProjectConfigurationPlatforms) = postSolution
		{6845D9A2-604E-4B2B-9BEA-1294DBD73857}.Debug|x64.ActiveCfg = Debug|x64
		{6845D9A2-604E-4B2B-9BEA-1294DBD73857}.Debug|x64.Build.0 = Debug|x64
		{6845D9A2-604E-4B2B-9BEA-1294DBD73857}.Debug|x86.ActiveCfg = Debug|Win32
		{6845D9A2-604E-4B2B-9BEA-1294DBD73857}.Debug|x86.Build.0 = Debug|Win32
		{6845D9A2-604E-4B2B-9BEA-1294DBD73857}.Release|x64.ActiveCfg = Release|x64
		{6845D9A2-604E-4B2B-9BEA-1294DBD73857}.Release|x64.Build.0 = Release|x64
		{6845D9A2-604E-4B2B-9BEA-1294DBD73857}.Release|x86.ActiveCfg = Release|Win32
		{6845D9A2-604E-4B2B-9BEA-1294DBD73857}.Release|x86.Build.0 = Release|Win32
	EndGlobalSection
	GlobalSection(SolutionProperties) = preSolution
		HideSolutionNode = FALSE
	EndGlobalSection
	GlobalSection(ExtensibilityGlobals) = postSolution
		SolutionGuid = {41581EDD-F234-4881-8133-90C14F517FE2}
	EndGlobalSection
EndGlobal
